{
  "originHash" : "f889e0d25a317083d7fefbf4a9347e7caf338fb47f3872792228448abfe58e06",
  "pins" : [
    {
      "identity" : "phonenumberkit",
      "kind" : "remoteSourceControl",
      "location" : "https://github.com/PhoneNumberKit/PhoneNumberKit",
      "state" : {
        "revision" : "52bd68dffa07ec7fc42b9851911c59e9d57fc906",
        "version" : "5.0.0"
      }
    }
  ],
  "version" : 3
}
