{
  "originHash" : "763c0e815f162b312fb1dbcc495ef27dee3f5165a3a6a29dba65fef75c9b6967",
  "pins" : [
    {
      "identity" : "phonenumberkit",
      "kind" : "remoteSourceControl",
      "location" : "https://github.com/PhoneNumberKit/PhoneNumberKit",
      "state" : {
        "revision" : "ebde4c008bad416588627d83ac07b991c204f72b",
        "version" : "5.0.2"
      }
    }
  ],
  "version" : 3
}
